
Microsoft Visual Studio Solution File, Format Version 12.00
# Visual Studio Version 16
VisualStudioVersion = 16.0.29613.14
MinimumVisualStudioVersion = 10.0.40219.1
Project("{9A19103F-16F7-4668-BE54-9A1E7A4F7556}") = "App.MassTransit.Common", "App.MassTransit.Common\App.MassTransit.Common.csproj", "{78F835DA-9FCB-446F-929E-BE8E5908261E}"
EndProject
Project("{9A19103F-16F7-4668-BE54-9A1E7A4F7556}") = "App.MassTransit.Messages", "App.MassTransit.Messages\App.MassTransit.Messages.csproj", "{5CA2991D-BD86-49C4-86F2-7DB1689474F4}"
EndProject
Project("{9A19103F-16F7-4668-BE54-9A1E7A4F7556}") = "App.Message.ProductOrder", "App.Message.ProductOrder\App.Message.ProductOrder.csproj", "{0B1AE9EE-7447-4A5E-A64A-CEE94EF37BCE}"
EndProject
Project("{FAE04EC0-301F-11D3-BF4B-00C04F79EFBC}") = "App.Demo.Web", "App.Demo.Web\App.Demo.Web.csproj", "{84F0DDF2-ACF2-4891-ACBB-017509994D26}"
EndProject
Project("{FAE04EC0-301F-11D3-BF4B-00C04F79EFBC}") = "App.Message.Consumer", "App.Message.Consumer\App.Message.Consumer.csproj", "{683564DD-FDEA-496E-8227-6898BD5EEE03}"
EndProject
Global
	GlobalSection(SolutionConfigurationPlatforms) = preSolution
		Debug|Any CPU = Debug|Any CPU
		Release|Any CPU = Release|Any CPU
	EndGlobalSection
	GlobalSection(ProjectConfigurationPlatforms) = postSolution
		{78F835DA-9FCB-446F-929E-BE8E5908261E}.Debug|Any CPU.ActiveCfg = Debug|Any CPU
		{78F835DA-9FCB-446F-929E-BE8E5908261E}.Debug|Any CPU.Build.0 = Debug|Any CPU
		{78F835DA-9FCB-446F-929E-BE8E5908261E}.Release|Any CPU.ActiveCfg = Release|Any CPU
		{78F835DA-9FCB-446F-929E-BE8E5908261E}.Release|Any CPU.Build.0 = Release|Any CPU
		{5CA2991D-BD86-49C4-86F2-7DB1689474F4}.Debug|Any CPU.ActiveCfg = Debug|Any CPU
		{5CA2991D-BD86-49C4-86F2-7DB1689474F4}.Debug|Any CPU.Build.0 = Debug|Any CPU
		{5CA2991D-BD86-49C4-86F2-7DB1689474F4}.Release|Any CPU.ActiveCfg = Release|Any CPU
		{5CA2991D-BD86-49C4-86F2-7DB1689474F4}.Release|Any CPU.Build.0 = Release|Any CPU
		{0B1AE9EE-7447-4A5E-A64A-CEE94EF37BCE}.Debug|Any CPU.ActiveCfg = Debug|Any CPU
		{0B1AE9EE-7447-4A5E-A64A-CEE94EF37BCE}.Debug|Any CPU.Build.0 = Debug|Any CPU
		{0B1AE9EE-7447-4A5E-A64A-CEE94EF37BCE}.Release|Any CPU.ActiveCfg = Release|Any CPU
		{0B1AE9EE-7447-4A5E-A64A-CEE94EF37BCE}.Release|Any CPU.Build.0 = Release|Any CPU
		{84F0DDF2-ACF2-4891-ACBB-017509994D26}.Debug|Any CPU.ActiveCfg = Debug|Any CPU
		{84F0DDF2-ACF2-4891-ACBB-017509994D26}.Debug|Any CPU.Build.0 = Debug|Any CPU
		{84F0DDF2-ACF2-4891-ACBB-017509994D26}.Release|Any CPU.ActiveCfg = Release|Any CPU
		{84F0DDF2-ACF2-4891-ACBB-017509994D26}.Release|Any CPU.Build.0 = Release|Any CPU
		{683564DD-FDEA-496E-8227-6898BD5EEE03}.Debug|Any CPU.ActiveCfg = Debug|Any CPU
		{683564DD-FDEA-496E-8227-6898BD5EEE03}.Debug|Any CPU.Build.0 = Debug|Any CPU
		{683564DD-FDEA-496E-8227-6898BD5EEE03}.Release|Any CPU.ActiveCfg = Release|Any CPU
		{683564DD-FDEA-496E-8227-6898BD5EEE03}.Release|Any CPU.Build.0 = Release|Any CPU
	EndGlobalSection
	GlobalSection(SolutionProperties) = preSolution
		HideSolutionNode = FALSE
	EndGlobalSection
	GlobalSection(ExtensibilityGlobals) = postSolution
		SolutionGuid = {D4AFD71B-F06B-4B1D-AEE3-79CB186B1409}
	EndGlobalSection
EndGlobal
